
Microsoft Visual Studio Solution File, Format Version 12.00
# Visual Studio Version 16
VisualStudioVersion = 16.0.31624.102
MinimumVisualStudioVersion = 10.0.40219.1
Project("{FAE04EC0-301F-11D3-BF4B-00C04F79EFBC}") = "Fitness_App", "Fitness_App\Fitness_App.csproj", "{F783367C-93F3-46C4-ADAB-394CF9230A5A}"
EndProject
Project("{FAE04EC0-301F-11D3-BF4B-00C04F79EFBC}") = "Fitness.Models", "TaskManagementApp.Core\Fitness.Models.csproj", "{8D853D58-605E-4B43-BC8B-115F2CB9411A}"
EndProject
Project("{FAE04EC0-301F-11D3-BF4B-00C04F79EFBC}") = "Fitness.Services", "Fitness.Services\Fitness.Services.csproj", "{FF3721AA-8440-421D-83B3-ECDEBE20EE74}"
EndProject
Global
	GlobalSection(SolutionConfigurationPlatforms) = preSolution
		Debug|Any CPU = Debug|Any CPU
		Release|Any CPU = Release|Any CPU
	EndGlobalSection
	GlobalSection(ProjectConfigurationPlatforms) = postSolution
		{F783367C-93F3-46C4-ADAB-394CF9230A5A}.Debug|Any CPU.ActiveCfg = Debug|Any CPU
		{F783367C-93F3-46C4-ADAB-394CF9230A5A}.Debug|Any CPU.Build.0 = Debug|Any CPU
		{F783367C-93F3-46C4-ADAB-394CF9230A5A}.Release|Any CPU.ActiveCfg = Release|Any CPU
		{F783367C-93F3-46C4-ADAB-394CF9230A5A}.Release|Any CPU.Build.0 = Release|Any CPU
		{8D853D58-605E-4B43-BC8B-115F2CB9411A}.Debug|Any CPU.ActiveCfg = Debug|Any CPU
		{8D853D58-605E-4B43-BC8B-115F2CB9411A}.Debug|Any CPU.Build.0 = Debug|Any CPU
		{8D853D58-605E-4B43-BC8B-115F2CB9411A}.Release|Any CPU.ActiveCfg = Release|Any CPU
		{8D853D58-605E-4B43-BC8B-115F2CB9411A}.Release|Any CPU.Build.0 = Release|Any CPU
		{FF3721AA-8440-421D-83B3-ECDEBE20EE74}.Debug|Any CPU.ActiveCfg = Debug|Any CPU
		{FF3721AA-8440-421D-83B3-ECDEBE20EE74}.Debug|Any CPU.Build.0 = Debug|Any CPU
		{FF3721AA-8440-421D-83B3-ECDEBE20EE74}.Release|Any CPU.ActiveCfg = Release|Any CPU
		{FF3721AA-8440-421D-83B3-ECDEBE20EE74}.Release|Any CPU.Build.0 = Release|Any CPU
	EndGlobalSection
	GlobalSection(SolutionProperties) = preSolution
		HideSolutionNode = FALSE
	EndGlobalSection
	GlobalSection(ExtensibilityGlobals) = postSolution
		SolutionGuid = {F3FE7D0E-8611-47C0-A7C8-AEA297384689}
	EndGlobalSection
EndGlobal
